
Microsoft Visual Studio Solution File, Format Version 12.00
# Visual Studio 15
VisualStudioVersion = 15.0.28307.271
MinimumVisualStudioVersion = 10.0.40219.1
Project("{9A19103F-16F7-4668-BE54-9A1E7A4F7556}") = "CompositionBankAccount.Entities", "CompositionBankAccount.AccountLib\CompositionBankAccount.Entities.csproj", "{1034253C-78A4-4C80-93B3-B143770E5DDA}"
EndProject
Project("{9A19103F-16F7-4668-BE54-9A1E7A4F7556}") = "CompositionBankAccount.Test", "CompositionBankAccount.Test\CompositionBankAccount.Test.csproj", "{EF9D1189-24FA-4856-A7ED-B17A6ECF059C}"
EndProject
Project("{FAE04EC0-301F-11D3-BF4B-00C04F79EFBC}") = "Test.Console", "Test.Console\Test.Console.csproj", "{2C1A5970-E964-40EE-80BB-01CC81140117}"
EndProject
Global
	GlobalSection(SolutionConfigurationPlatforms) = preSolution
		Debug|Any CPU = Debug|Any CPU
		Release|Any CPU = Release|Any CPU
	EndGlobalSection
	GlobalSection(ProjectConfigurationPlatforms) = postSolution
		{1034253C-78A4-4C80-93B3-B143770E5DDA}.Debug|Any CPU.ActiveCfg = Debug|Any CPU
		{1034253C-78A4-4C80-93B3-B143770E5DDA}.Debug|Any CPU.Build.0 = Debug|Any CPU
		{1034253C-78A4-4C80-93B3-B143770E5DDA}.Release|Any CPU.ActiveCfg = Release|Any CPU
		{1034253C-78A4-4C80-93B3-B143770E5DDA}.Release|Any CPU.Build.0 = Release|Any CPU
		{EF9D1189-24FA-4856-A7ED-B17A6ECF059C}.Debug|Any CPU.ActiveCfg = Debug|Any CPU
		{EF9D1189-24FA-4856-A7ED-B17A6ECF059C}.Debug|Any CPU.Build.0 = Debug|Any CPU
		{EF9D1189-24FA-4856-A7ED-B17A6ECF059C}.Release|Any CPU.ActiveCfg = Release|Any CPU
		{EF9D1189-24FA-4856-A7ED-B17A6ECF059C}.Release|Any CPU.Build.0 = Release|Any CPU
		{2C1A5970-E964-40EE-80BB-01CC81140117}.Debug|Any CPU.ActiveCfg = Debug|Any CPU
		{2C1A5970-E964-40EE-80BB-01CC81140117}.Debug|Any CPU.Build.0 = Debug|Any CPU
		{2C1A5970-E964-40EE-80BB-01CC81140117}.Release|Any CPU.ActiveCfg = Release|Any CPU
		{2C1A5970-E964-40EE-80BB-01CC81140117}.Release|Any CPU.Build.0 = Release|Any CPU
	EndGlobalSection
	GlobalSection(SolutionProperties) = preSolution
		HideSolutionNode = FALSE
	EndGlobalSection
	GlobalSection(ExtensibilityGlobals) = postSolution
		SolutionGuid = {502EC331-EDDC-4B90-9B5F-CFE1B12F6482}
	EndGlobalSection
EndGlobal
